// !$*UTF8*$!
{
	archiveVersion = 1;
	classes = {
	};
	objectVersion = 50;
	objects = {

/* Begin PBXBuildFile section */
		1ED606892497B29000BAB11B /* AppDelegate.swift in Sources */ = {isa = PBXBuildFile; fileRef = 1ED606882497B29000BAB11B /* AppDelegate.swift */; };
		1ED6068B2497B29000BAB11B /* SceneDelegate.swift in Sources */ = {isa = PBXBuildFile; fileRef = 1ED6068A2497B29000BAB11B /* SceneDelegate.swift */; };
		1ED6068D2497B29000BAB11B /* ContentView.swift in Sources */ = {isa = PBXBuildFile; fileRef = 1ED6068C2497B29000BAB11B /* ContentView.swift */; };
		1ED6068F2497B29200BAB11B /* Assets.xcassets in Resources */ = {isa = PBXBuildFile; fileRef = 1ED6068E2497B29200BAB11B /* Assets.xcassets */; };
		1ED606922497B29200BAB11B /* Preview Assets.xcassets in Resources */ = {isa = PBXBuildFile; fileRef = 1ED606912497B29200BAB11B /* Preview Assets.xcassets */; };
		1ED606952497B29200BAB11B /* LaunchScreen.storyboard in Resources */ = {isa = PBXBuildFile; fileRef = 1ED606932497B29200BAB11B /* LaunchScreen.storyboard */; };
		1ED6069D2497B7E400BAB11B /* User.swift in Sources */ = {isa = PBXBuildFile; fileRef = 1ED6069C2497B7E400BAB11B /* User.swift */; };
		1ED6069F2497BDC800BAB11B /* Repo.swift in Sources */ = {isa = PBXBuildFile; fileRef = 1ED6069E2497BDC800BAB11B /* Repo.swift */; };
		1ED606A12497CB5000BAB11B /* SearchBar.swift in Sources */ = {isa = PBXBuildFile; fileRef = 1ED606A02497CB5000BAB11B /* SearchBar.swift */; };
		1ED606A52498057C00BAB11B /* UsersSearchBarViewModel.swift in Sources */ = {isa = PBXBuildFile; fileRef = 1ED606A42498057C00BAB11B /* UsersSearchBarViewModel.swift */; };
		1ED606A724980ACD00BAB11B /* UserViewController.swift in Sources */ = {isa = PBXBuildFile; fileRef = 1ED606A624980ACD00BAB11B /* UserViewController.swift */; };
		1ED606A924981A5F00BAB11B /* RepoSearchBarViewModel.swift in Sources */ = {isa = PBXBuildFile; fileRef = 1ED606A824981A5F00BAB11B /* RepoSearchBarViewModel.swift */; };
/* End PBXBuildFile section */

/* Begin PBXFileReference section */
		1ED606852497B29000BAB11B /* RepoSearch.app */ = {isa = PBXFileReference; explicitFileType = wrapper.application; includeInIndex = 0; path = RepoSearch.app; sourceTree = BUILT_PRODUCTS_DIR; };
		1ED606882497B29000BAB11B /* AppDelegate.swift */ = {isa = PBXFileReference; lastKnownFileType = sourcecode.swift; path = AppDelegate.swift; sourceTree = "<group>"; };
		1ED6068A2497B29000BAB11B /* SceneDelegate.swift */ = {isa = PBXFileReference; lastKnownFileType = sourcecode.swift; path = SceneDelegate.swift; sourceTree = "<group>"; };
		1ED6068C2497B29000BAB11B /* ContentView.swift */ = {isa = PBXFileReference; lastKnownFileType = sourcecode.swift; path = ContentView.swift; sourceTree = "<group>"; };
		1ED6068E2497B29200BAB11B /* Assets.xcassets */ = {isa = PBXFileReference; lastKnownFileType = folder.assetcatalog; path = Assets.xcassets; sourceTree = "<group>"; };
		1ED606912497B29200BAB11B /* Preview Assets.xcassets */ = {isa = PBXFileReference; lastKnownFileType = folder.assetcatalog; path = "Preview Assets.xcassets"; sourceTree = "<group>"; };
		1ED606942497B29200BAB11B /* Base */ = {isa = PBXFileReference; lastKnownFileType = file.storyboard; name = Base; path = Base.lproj/LaunchScreen.storyboard; sourceTree = "<group>"; };
		1ED606962497B29200BAB11B /* Info.plist */ = {isa = PBXFileReference; lastKnownFileType = text.plist.xml; path = Info.plist; sourceTree = "<group>"; };
		1ED6069C2497B7E400BAB11B /* User.swift */ = {isa = PBXFileReference; lastKnownFileType = sourcecode.swift; path = User.swift; sourceTree = "<group>"; };
		1ED6069E2497BDC800BAB11B /* Repo.swift */ = {isa = PBXFileReference; lastKnownFileType = sourcecode.swift; path = Repo.swift; sourceTree = "<group>"; };
		1ED606A02497CB5000BAB11B /* SearchBar.swift */ = {isa = PBXFileReference; lastKnownFileType = sourcecode.swift; path = SearchBar.swift; sourceTree = "<group>"; };
		1ED606A42498057C00BAB11B /* UsersSearchBarViewModel.swift */ = {isa = PBXFileReference; lastKnownFileType = sourcecode.swift; path = UsersSearchBarViewModel.swift; sourceTree = "<group>"; };
		1ED606A624980ACD00BAB11B /* UserViewController.swift */ = {isa = PBXFileReference; lastKnownFileType = sourcecode.swift; path = UserViewController.swift; sourceTree = "<group>"; };
		1ED606A824981A5F00BAB11B /* RepoSearchBarViewModel.swift */ = {isa = PBXFileReference; lastKnownFileType = sourcecode.swift; path = RepoSearchBarViewModel.swift; sourceTree = "<group>"; };
/* End PBXFileReference section */

/* Begin PBXFrameworksBuildPhase section */
		1ED606822497B29000BAB11B /* Frameworks */ = {
			isa = PBXFrameworksBuildPhase;
			buildActionMask = 2147483647;
			files = (
			);
			runOnlyForDeploymentPostprocessing = 0;
		};
/* End PBXFrameworksBuildPhase section */

/* Begin PBXGroup section */
		1ED6067C2497B29000BAB11B = {
			isa = PBXGroup;
			children = (
				1ED606872497B29000BAB11B /* RepoSearch */,
				1ED606862497B29000BAB11B /* Products */,
			);
			sourceTree = "<group>";
		};
		1ED606862497B29000BAB11B /* Products */ = {
			isa = PBXGroup;
			children = (
				1ED606852497B29000BAB11B /* RepoSearch.app */,
			);
			name = Products;
			sourceTree = "<group>";
		};
		1ED606872497B29000BAB11B /* RepoSearch */ = {
			isa = PBXGroup;
			children = (
				1ED606882497B29000BAB11B /* AppDelegate.swift */,
				1ED6068A2497B29000BAB11B /* SceneDelegate.swift */,
				1ED606A624980ACD00BAB11B /* UserViewController.swift */,
				1ED6068C2497B29000BAB11B /* ContentView.swift */,
				1ED606A42498057C00BAB11B /* UsersSearchBarViewModel.swift */,
				1ED606A824981A5F00BAB11B /* RepoSearchBarViewModel.swift */,
				1ED6069C2497B7E400BAB11B /* User.swift */,
				1ED6069E2497BDC800BAB11B /* Repo.swift */,
				1ED606A02497CB5000BAB11B /* SearchBar.swift */,
				1ED6068E2497B29200BAB11B /* Assets.xcassets */,
				1ED606932497B29200BAB11B /* LaunchScreen.storyboard */,
				1ED606962497B29200BAB11B /* Info.plist */,
				1ED606902497B29200BAB11B /* Preview Content */,
			);
			path = RepoSearch;
			sourceTree = "<group>";
		};
		1ED606902497B29200BAB11B /* Preview Content */ = {
			isa = PBXGroup;
			children = (
				1ED606912497B29200BAB11B /* Preview Assets.xcassets */,
			);
			path = "Preview Content";
			sourceTree = "<group>";
		};
/* End PBXGroup section */

/* Begin PBXNativeTarget section */
		1ED606842497B29000BAB11B /* RepoSearch */ = {
			isa = PBXNativeTarget;
			buildConfigurationList = 1ED606992497B29200BAB11B /* Build configuration list for PBXNativeTarget "RepoSearch" */;
			buildPhases = (
				1ED606812497B29000BAB11B /* Sources */,
				1ED606822497B29000BAB11B /* Frameworks */,
				1ED606832497B29000BAB11B /* Resources */,
			);
			buildRules = (
			);
			dependencies = (
			);
			name = RepoSearch;
			productName = RepoSearch;
			productReference = 1ED606852497B29000BAB11B /* RepoSearch.app */;
			productType = "com.apple.product-type.application";
		};
/* End PBXNativeTarget section */

/* Begin PBXProject section */
		1ED6067D2497B29000BAB11B /* Project object */ = {
			isa = PBXProject;
			attributes = {
				LastSwiftUpdateCheck = 1150;
				LastUpgradeCheck = 1150;
				ORGANIZATIONNAME = "Rave BizzDev";
				TargetAttributes = {
					1ED606842497B29000BAB11B = {
						CreatedOnToolsVersion = 11.5;
					};
				};
			};
			buildConfigurationList = 1ED606802497B29000BAB11B /* Build configuration list for PBXProject "RepoSearch" */;
			compatibilityVersion = "Xcode 9.3";
			developmentRegion = en;
			hasScannedForEncodings = 0;
			knownRegions = (
				en,
				Base,
			);
			mainGroup = 1ED6067C2497B29000BAB11B;
			productRefGroup = 1ED606862497B29000BAB11B /* Products */;
			projectDirPath = "";
			projectRoot = "";
			targets = (
				1ED606842497B29000BAB11B /* RepoSearch */,
			);
		};
/* End PBXProject section */

/* Begin PBXResourcesBuildPhase section */
		1ED606832497B29000BAB11B /* Resources */ = {
			isa = PBXResourcesBuildPhase;
			buildActionMask = 2147483647;
			files = (
				1ED606952497B29200BAB11B /* LaunchScreen.storyboard in Resources */,
				1ED606922497B29200BAB11B /* Preview Assets.xcassets in Resources */,
				1ED6068F2497B29200BAB11B /* Assets.xcassets in Resources */,
			);
			runOnlyForDeploymentPostprocessing = 0;
		};
/* End PBXResourcesBuildPhase section */

/* Begin PBXSourcesBuildPhase section */
		1ED606812497B29000BAB11B /* Sources */ = {
			isa = PBXSourcesBuildPhase;
			buildActionMask = 2147483647;
			files = (
				1ED6069D2497B7E400BAB11B /* User.swift in Sources */,
				1ED606A924981A5F00BAB11B /* RepoSearchBarViewModel.swift in Sources */,
				1ED606A724980ACD00BAB11B /* UserViewController.swift in Sources */,
				1ED606892497B29000BAB11B /* AppDelegate.swift in Sources */,
				1ED6069F2497BDC800BAB11B /* Repo.swift in Sources */,
				1ED6068B2497B29000BAB11B /* SceneDelegate.swift in Sources */,
				1ED6068D2497B29000BAB11B /* ContentView.swift in Sources */,
				1ED606A52498057C00BAB11B /* UsersSearchBarViewModel.swift in Sources */,
				1ED606A12497CB5000BAB11B /* SearchBar.swift in Sources */,
			);
			runOnlyForDeploymentPostprocessing = 0;
		};
/* End PBXSourcesBuildPhase section */

/* Begin PBXVariantGroup section */
		1ED606932497B29200BAB11B /* LaunchScreen.storyboard */ = {
			isa = PBXVariantGroup;
			children = (
				1ED606942497B29200BAB11B /* Base */,
			);
			name = LaunchScreen.storyboard;
			sourceTree = "<group>";
		};
/* End PBXVariantGroup section */

/* Begin XCBuildConfiguration section */
		1ED606972497B29200BAB11B /* Debug */ = {
			isa = XCBuildConfiguration;
			buildSettings = {
				ALWAYS_SEARCH_USER_PATHS = NO;
				CLANG_ANALYZER_NONNULL = YES;
				CLANG_ANALYZER_NUMBER_OBJECT_CONVERSION = YES_AGGRESSIVE;
				CLANG_CXX_LANGUAGE_STANDARD = "gnu++14";
				CLANG_CXX_LIBRARY = "libc++";
				CLANG_ENABLE_MODULES = YES;
				CLANG_ENABLE_OBJC_ARC = YES;
				CLANG_ENABLE_OBJC_WEAK = YES;
				CLANG_WARN_BLOCK_CAPTURE_AUTORELEASING = YES;
				CLANG_WARN_BOOL_CONVERSION = YES;
				CLANG_WARN_COMMA = YES;
				CLANG_WARN_CONSTANT_CONVERSION = YES;
				CLANG_WARN_DEPRECATED_OBJC_IMPLEMENTATIONS = YES;
				CLANG_WARN_DIRECT_OBJC_ISA_USAGE = YES_ERROR;
				CLANG_WARN_DOCUMENTATION_COMMENTS = YES;
				CLANG_WARN_EMPTY_BODY = YES;
				CLANG_WARN_ENUM_CONVERSION = YES;
				CLANG_WARN_INFINITE_RECURSION = YES;
				CLANG_WARN_INT_CONVERSION = YES;
				CLANG_WARN_NON_LITERAL_NULL_CONVERSION = YES;
				CLANG_WARN_OBJC_IMPLICIT_RETAIN_SELF = YES;
				CLANG_WARN_OBJC_LITERAL_CONVERSION = YES;
				CLANG_WARN_OBJC_ROOT_CLASS = YES_ERROR;
				CLANG_WARN_RANGE_LOOP_ANALYSIS = YES;
				CLANG_WARN_STRICT_PROTOTYPES = YES;
				CLANG_WARN_SUSPICIOUS_MOVE = YES;
				CLANG_WARN_UNGUARDED_AVAILABILITY = YES_AGGRESSIVE;
				CLANG_WARN_UNREACHABLE_CODE = YES;
				CLANG_WARN__DUPLICATE_METHOD_MATCH = YES;
				COPY_PHASE_STRIP = NO;
				DEBUG_INFORMATION_FORMAT = dwarf;
				ENABLE_STRICT_OBJC_MSGSEND = YES;
				ENABLE_TESTABILITY = YES;
				GCC_C_LANGUAGE_STANDARD = gnu11;
				GCC_DYNAMIC_NO_PIC = NO;
				GCC_NO_COMMON_BLOCKS = YES;
				GCC_OPTIMIZATION_LEVEL = 0;
				GCC_PREPROCESSOR_DEFINITIONS = (
					"DEBUG=1",
					"$(inherited)",
				);
				GCC_WARN_64_TO_32_BIT_CONVERSION = YES;
				GCC_WARN_ABOUT_RETURN_TYPE = YES_ERROR;
				GCC_WARN_UNDECLARED_SELECTOR = YES;
				GCC_WARN_UNINITIALIZED_AUTOS = YES_AGGRESSIVE;
				GCC_WARN_UNUSED_FUNCTION = YES;
				GCC_WARN_UNUSED_VARIABLE = YES;
				IPHONEOS_DEPLOYMENT_TARGET = 13.5;
				MTL_ENABLE_DEBUG_INFO = INCLUDE_SOURCE;
				MTL_FAST_MATH = YES;
				ONLY_ACTIVE_ARCH = YES;
				SDKROOT = iphoneos;
				SWIFT_ACTIVE_COMPILATION_CONDITIONS = DEBUG;
				SWIFT_OPTIMIZATION_LEVEL = "-Onone";
			};
			name = Debug;
		};
		1ED606982497B29200BAB11B /* Release */ = {
			isa = XCBuildConfiguration;
			buildSettings = {
				ALWAYS_SEARCH_USER_PATHS = NO;
				CLANG_ANALYZER_NONNULL = YES;
				CLANG_ANALYZER_NUMBER_OBJECT_CONVERSION = YES_AGGRESSIVE;
				CLANG_CXX_LANGUAGE_STANDARD = "gnu++14";
				CLANG_CXX_LIBRARY = "libc++";
				CLANG_ENABLE_MODULES = YES;
				CLANG_ENABLE_OBJC_ARC = YES;
				CLANG_ENABLE_OBJC_WEAK = YES;
				CLANG_WARN_BLOCK_CAPTURE_AUTORELEASING = YES;
				CLANG_WARN_BOOL_CONVERSION = YES;
				CLANG_WARN_COMMA = YES;
				CLANG_WARN_CONSTANT_CONVERSION = YES;
				CLANG_WARN_DEPRECATED_OBJC_IMPLEMENTATIONS = YES;
				CLANG_WARN_DIRECT_OBJC_ISA_USAGE = YES_ERROR;
				CLANG_WARN_DOCUMENTATION_COMMENTS = YES;
				CLANG_WARN_EMPTY_BODY = YES;
				CLANG_WARN_ENUM_CONVERSION = YES;
				CLANG_WARN_INFINITE_RECURSION = YES;
				CLANG_WARN_INT_CONVERSION = YES;
				CLANG_WARN_NON_LITERAL_NULL_CONVERSION = YES;
				CLANG_WARN_OBJC_IMPLICIT_RETAIN_SELF = YES;
				CLANG_WARN_OBJC_LITERAL_CONVERSION = YES;
				CLANG_WARN_OBJC_ROOT_CLASS = YES_ERROR;
				CLANG_WARN_RANGE_LOOP_ANALYSIS = YES;
				CLANG_WARN_STRICT_PROTOTYPES = YES;
				CLANG_WARN_SUSPICIOUS_MOVE = YES;
				CLANG_WARN_UNGUARDED_AVAILABILITY = YES_AGGRESSIVE;
				CLANG_WARN_UNREACHABLE_CODE = YES;
				CLANG_WARN__DUPLICATE_METHOD_MATCH = YES;
				COPY_PHASE_STRIP = NO;
				DEBUG_INFORMATION_FORMAT = "dwarf-with-dsym";
				ENABLE_NS_ASSERTIONS = NO;
				ENABLE_STRICT_OBJC_MSGSEND = YES;
				GCC_C_LANGUAGE_STANDARD = gnu11;
				GCC_NO_COMMON_BLOCKS = YES;
				GCC_WARN_64_TO_32_BIT_CONVERSION = YES;
				GCC_WARN_ABOUT_RETURN_TYPE = YES_ERROR;
				GCC_WARN_UNDECLARED_SELECTOR = YES;
				GCC_WARN_UNINITIALIZED_AUTOS = YES_AGGRESSIVE;
				GCC_WARN_UNUSED_FUNCTION = YES;
				GCC_WARN_UNUSED_VARIABLE = YES;
				IPHONEOS_DEPLOYMENT_TARGET = 13.5;
				MTL_ENABLE_DEBUG_INFO = NO;
				MTL_FAST_MATH = YES;
				SDKROOT = iphoneos;
				SWIFT_COMPILATION_MODE = wholemodule;
				SWIFT_OPTIMIZATION_LEVEL = "-O";
				VALIDATE_PRODUCT = YES;
			};
			name = Release;
		};
		1ED6069A2497B29200BAB11B /* Debug */ = {
			isa = XCBuildConfiguration;
			buildSettings = {
				ASSETCATALOG_COMPILER_APPICON_NAME = AppIcon;
				CODE_SIGN_STYLE = Automatic;
				DEVELOPMENT_ASSET_PATHS = "\"RepoSearch/Preview Content\"";
				ENABLE_PREVIEWS = YES;
				INFOPLIST_FILE = RepoSearch/Info.plist;
				LD_RUNPATH_SEARCH_PATHS = (
					"$(inherited)",
					"@executable_path/Frameworks",
				);
				PRODUCT_BUNDLE_IDENTIFIER = luat.RepoSearch;
				PRODUCT_NAME = "$(TARGET_NAME)";
				SWIFT_VERSION = 5.0;
				TARGETED_DEVICE_FAMILY = "1,2";
			};
			name = Debug;
		};
		1ED6069B2497B29200BAB11B /* Release */ = {
			isa = XCBuildConfiguration;
			buildSettings = {
				ASSETCATALOG_COMPILER_APPICON_NAME = AppIcon;
				CODE_SIGN_STYLE = Automatic;
				DEVELOPMENT_ASSET_PATHS = "\"RepoSearch/Preview Content\"";
				ENABLE_PREVIEWS = YES;
				INFOPLIST_FILE = RepoSearch/Info.plist;
				LD_RUNPATH_SEARCH_PATHS = (
					"$(inherited)",
					"@executable_path/Frameworks",
				);
				PRODUCT_BUNDLE_IDENTIFIER = luat.RepoSearch;
				PRODUCT_NAME = "$(TARGET_NAME)";
				SWIFT_VERSION = 5.0;
				TARGETED_DEVICE_FAMILY = "1,2";
			};
			name = Release;
		};
/* End XCBuildConfiguration section */

/* Begin XCConfigurationList section */
		1ED606802497B29000BAB11B /* Build configuration list for PBXProject "RepoSearch" */ = {
			isa = XCConfigurationList;
			buildConfigurations = (
				1ED606972497B29200BAB11B /* Debug */,
				1ED606982497B29200BAB11B /* Release */,
			);
			defaultConfigurationIsVisible = 0;
			defaultConfigurationName = Release;
		};
		1ED606992497B29200BAB11B /* Build configuration list for PBXNativeTarget "RepoSearch" */ = {
			isa = XCConfigurationList;
			buildConfigurations = (
				1ED6069A2497B29200BAB11B /* Debug */,
				1ED6069B2497B29200BAB11B /* Release */,
			);
			defaultConfigurationIsVisible = 0;
			defaultConfigurationName = Release;
		};
/* End XCConfigurationList section */
	};
	rootObject = 1ED6067D2497B29000BAB11B /* Project object */;
}
